
Microsoft Visual Studio Solution File, Format Version 12.00
# Visual Studio Version 16
VisualStudioVersion = 16.0.30503.244
MinimumVisualStudioVersion = 10.0.40219.1
Project("{FAE04EC0-301F-11D3-BF4B-00C04F79EFBC}") = "GymAPI", "GymAPI\GymAPI.csproj", "{D7389F43-CFC9-4E48-8FA8-86229A061378}"
EndProject
Global
	GlobalSection(SolutionConfigurationPlatforms) = preSolution
		Debug|Any CPU = Debug|Any CPU
		Release|Any CPU = Release|Any CPU
	EndGlobalSection
	GlobalSection(ProjectConfigurationPlatforms) = postSolution
		{D7389F43-CFC9-4E48-8FA8-86229A061378}.Debug|Any CPU.ActiveCfg = Debug|Any CPU
		{D7389F43-CFC9-4E48-8FA8-86229A061378}.Debug|Any CPU.Build.0 = Debug|Any CPU
		{D7389F43-CFC9-4E48-8FA8-86229A061378}.Release|Any CPU.ActiveCfg = Release|Any CPU
		{D7389F43-CFC9-4E48-8FA8-86229A061378}.Release|Any CPU.Build.0 = Release|Any CPU
	EndGlobalSection
	GlobalSection(SolutionProperties) = preSolution
		HideSolutionNode = FALSE
	EndGlobalSection
	GlobalSection(ExtensibilityGlobals) = postSolution
		SolutionGuid = {B20DF871-7387-41F6-ABE8-0CFC0F35F4BB}
	EndGlobalSection
EndGlobal
